
Microsoft Visual Studio Solution File, Format Version 12.00
# Visual Studio 14
VisualStudioVersion = 14.0.25123.0
MinimumVisualStudioVersion = 10.0.40219.1
Project("{FAE04EC0-301F-11D3-BF4B-00C04F79EFBC}") = "CrossVideoPlayer.FormsPlugin.Abstractions", "CrossVideoPlayer\CrossVideoPlayer.FormsPlugin.Abstractions\CrossVideoPlayer.FormsPlugin.Abstractions.csproj", "{14C534B6-1984-41A9-A384-D3A5508588E3}"
EndProject
Project("{FAE04EC0-301F-11D3-BF4B-00C04F79EFBC}") = "CrossVideoPlayer.FormsPlugin.iOSUnified", "CrossVideoPlayer\CrossVideoPlayer.FormsPlugin.iOSUnified\CrossVideoPlayer.FormsPlugin.iOSUnified.csproj", "{D525F236-6A2D-4010-B1CC-4A4B8581C90B}"
EndProject
Project("{FAE04EC0-301F-11D3-BF4B-00C04F79EFBC}") = "CrossVideoPlayer.FormsPlugin.Android", "CrossVideoPlayer\CrossVideoPlayer.FormsPlugin.Android\CrossVideoPlayer.FormsPlugin.Android.csproj", "{AD2D2DB4-E781-4CF1-9B62-3AAD264F196D}"
EndProject
Project("{FAE04EC0-301F-11D3-BF4B-00C04F79EFBC}") = "CrossVideoPlayer.FormsPlugin.WindowsPhone", "CrossVideoPlayer\CrossVideoPlayer.FormsPlugin.WindowsPhone\CrossVideoPlayer.FormsPlugin.WindowsPhone.csproj", "{983B7EFF-7E75-4A87-890A-744A0B4C5232}"
EndProject
Project("{2150E333-8FDC-42A3-9474-1A3956D46DE8}") = "Solution Items", "Solution Items", "{7BA73A86-34B0-48ED-AEFA-9FC6FDDD36BB}"
	ProjectSection(SolutionItems) = preProject
		CrossVideoPlayer\AssemblyInfo.Shared.cs = CrossVideoPlayer\AssemblyInfo.Shared.cs
		CrossVideoPlayer.FormsPlugin.nuspec = CrossVideoPlayer.FormsPlugin.nuspec
	EndProjectSection
EndProject
Project("{FF286327-C783-4F7A-AB73-9BCBAD0D4460}") = "CrossVideoPlayer.FormsPlugin.nupkg", "CrossVideoPlayer\CrossVideoPlayer.FormsPlugin.nupkg\CrossVideoPlayer.FormsPlugin.nupkg.nuproj", "{52B72A94-4655-4780-BD25-7F8D5268C5F5}"
EndProject
Project("{FAE04EC0-301F-11D3-BF4B-00C04F79EFBC}") = "CrossVideoPlayer.FormsPlugin.WinRT.Phone", "CrossVideoPlayer\CrossVideoPlayer.FormsPlugin.WinRT.Phone\CrossVideoPlayer.FormsPlugin.WinRT.Phone.csproj", "{4F4B0982-6108-4F3C-BD69-4D26C453821C}"
EndProject
Project("{FAE04EC0-301F-11D3-BF4B-00C04F79EFBC}") = "CrossVideoPlayer.FormsPlugin.WinRT", "CrossVideoPlayer\CrossVideoPlayer.FormsPlugin.WinRT\CrossVideoPlayer.FormsPlugin.WinRT.csproj", "{B499FE26-5E36-4737-B3C8-F6D32566F2EC}"
EndProject
Project("{FAE04EC0-301F-11D3-BF4B-00C04F79EFBC}") = "CrossVideoPlayer.FormsPlugin.WinUWP", "CrossVideoPlayer\CrossVideoPlayer.FormsPlugin.WinUWP\CrossVideoPlayer.FormsPlugin.WinUWP.csproj", "{C9D3B49B-65CB-4E82-B0F0-C4948296243C}"
EndProject
Project("{2150E333-8FDC-42A3-9474-1A3956D46DE8}") = "Source", "Source", "{4AA55640-0445-443E-9C88-6824FD7BBB19}"
EndProject
Project("{2150E333-8FDC-42A3-9474-1A3956D46DE8}") = "Tests", "Tests", "{76AC5972-963F-454F-B3E4-0AFB59A0C7AD}"
EndProject
Global
	GlobalSection(SolutionConfigurationPlatforms) = preSolution
		AppStore|Any CPU = AppStore|Any CPU
		AppStore|ARM = AppStore|ARM
		AppStore|x64 = AppStore|x64
		AppStore|x86 = AppStore|x86
		Debug|Any CPU = Debug|Any CPU
		Debug|ARM = Debug|ARM
		Debug|x64 = Debug|x64
		Debug|x86 = Debug|x86
		Release|Any CPU = Release|Any CPU
		Release|ARM = Release|ARM
		Release|x64 = Release|x64
		Release|x86 = Release|x86
	EndGlobalSection
	GlobalSection(ProjectConfigurationPlatforms) = postSolution
		{14C534B6-1984-41A9-A384-D3A5508588E3}.AppStore|Any CPU.ActiveCfg = Release|Any CPU
		{14C534B6-1984-41A9-A384-D3A5508588E3}.AppStore|Any CPU.Build.0 = Release|Any CPU
		{14C534B6-1984-41A9-A384-D3A5508588E3}.AppStore|ARM.ActiveCfg = Release|Any CPU
		{14C534B6-1984-41A9-A384-D3A5508588E3}.AppStore|ARM.Build.0 = Release|Any CPU
		{14C534B6-1984-41A9-A384-D3A5508588E3}.AppStore|x64.ActiveCfg = Release|Any CPU
		{14C534B6-1984-41A9-A384-D3A5508588E3}.AppStore|x64.Build.0 = Release|Any CPU
		{14C534B6-1984-41A9-A384-D3A5508588E3}.AppStore|x86.ActiveCfg = Release|Any CPU
		{14C534B6-1984-41A9-A384-D3A5508588E3}.AppStore|x86.Build.0 = Release|Any CPU
		{14C534B6-1984-41A9-A384-D3A5508588E3}.Debug|Any CPU.ActiveCfg = Debug|Any CPU
		{14C534B6-1984-41A9-A384-D3A5508588E3}.Debug|Any CPU.Build.0 = Debug|Any CPU
		{14C534B6-1984-41A9-A384-D3A5508588E3}.Debug|ARM.ActiveCfg = Debug|Any CPU
		{14C534B6-1984-41A9-A384-D3A5508588E3}.Debug|ARM.Build.0 = Debug|Any CPU
		{14C534B6-1984-41A9-A384-D3A5508588E3}.Debug|x64.ActiveCfg = Debug|Any CPU
		{14C534B6-1984-41A9-A384-D3A5508588E3}.Debug|x64.Build.0 = Debug|Any CPU
		{14C534B6-1984-41A9-A384-D3A5508588E3}.Debug|x86.ActiveCfg = Debug|Any CPU
		{14C534B6-1984-41A9-A384-D3A5508588E3}.Debug|x86.Build.0 = Debug|Any CPU
		{14C534B6-1984-41A9-A384-D3A5508588E3}.Release|Any CPU.ActiveCfg = Release|Any CPU
		{14C534B6-1984-41A9-A384-D3A5508588E3}.Release|Any CPU.Build.0 = Release|Any CPU
		{14C534B6-1984-41A9-A384-D3A5508588E3}.Release|ARM.ActiveCfg = Release|Any CPU
		{14C534B6-1984-41A9-A384-D3A5508588E3}.Release|ARM.Build.0 = Release|Any CPU
		{14C534B6-1984-41A9-A384-D3A5508588E3}.Release|x64.ActiveCfg = Release|Any CPU
		{14C534B6-1984-41A9-A384-D3A5508588E3}.Release|x64.Build.0 = Release|Any CPU
		{14C534B6-1984-41A9-A384-D3A5508588E3}.Release|x86.ActiveCfg = Release|Any CPU
		{14C534B6-1984-41A9-A384-D3A5508588E3}.Release|x86.Build.0 = Release|Any CPU
		{D525F236-6A2D-4010-B1CC-4A4B8581C90B}.AppStore|Any CPU.ActiveCfg = AppStore|Any CPU
		{D525F236-6A2D-4010-B1CC-4A4B8581C90B}.AppStore|Any CPU.Build.0 = AppStore|Any CPU
		{D525F236-6A2D-4010-B1CC-4A4B8581C90B}.AppStore|ARM.ActiveCfg = AppStore|Any CPU
		{D525F236-6A2D-4010-B1CC-4A4B8581C90B}.AppStore|ARM.Build.0 = AppStore|Any CPU
		{D525F236-6A2D-4010-B1CC-4A4B8581C90B}.AppStore|x64.ActiveCfg = AppStore|Any CPU
		{D525F236-6A2D-4010-B1CC-4A4B8581C90B}.AppStore|x64.Build.0 = AppStore|Any CPU
		{D525F236-6A2D-4010-B1CC-4A4B8581C90B}.AppStore|x86.ActiveCfg = AppStore|Any CPU
		{D525F236-6A2D-4010-B1CC-4A4B8581C90B}.AppStore|x86.Build.0 = AppStore|Any CPU
		{D525F236-6A2D-4010-B1CC-4A4B8581C90B}.Debug|Any CPU.ActiveCfg = Debug|Any CPU
		{D525F236-6A2D-4010-B1CC-4A4B8581C90B}.Debug|Any CPU.Build.0 = Debug|Any CPU
		{D525F236-6A2D-4010-B1CC-4A4B8581C90B}.Debug|ARM.ActiveCfg = Debug|Any CPU
		{D525F236-6A2D-4010-B1CC-4A4B8581C90B}.Debug|ARM.Build.0 = Debug|Any CPU
		{D525F236-6A2D-4010-B1CC-4A4B8581C90B}.Debug|x64.ActiveCfg = Debug|Any CPU
		{D525F236-6A2D-4010-B1CC-4A4B8581C90B}.Debug|x64.Build.0 = Debug|Any CPU
		{D525F236-6A2D-4010-B1CC-4A4B8581C90B}.Debug|x86.ActiveCfg = Debug|Any CPU
		{D525F236-6A2D-4010-B1CC-4A4B8581C90B}.Debug|x86.Build.0 = Debug|Any CPU
		{D525F236-6A2D-4010-B1CC-4A4B8581C90B}.Release|Any CPU.ActiveCfg = Release|Any CPU
		{D525F236-6A2D-4010-B1CC-4A4B8581C90B}.Release|Any CPU.Build.0 = Release|Any CPU
		{D525F236-6A2D-4010-B1CC-4A4B8581C90B}.Release|ARM.ActiveCfg = Release|Any CPU
		{D525F236-6A2D-4010-B1CC-4A4B8581C90B}.Release|ARM.Build.0 = Release|Any CPU
		{D525F236-6A2D-4010-B1CC-4A4B8581C90B}.Release|x64.ActiveCfg = Release|Any CPU
		{D525F236-6A2D-4010-B1CC-4A4B8581C90B}.Release|x64.Build.0 = Release|Any CPU
		{D525F236-6A2D-4010-B1CC-4A4B8581C90B}.Release|x86.ActiveCfg = Release|Any CPU
		{D525F236-6A2D-4010-B1CC-4A4B8581C90B}.Release|x86.Build.0 = Release|Any CPU
		{AD2D2DB4-E781-4CF1-9B62-3AAD264F196D}.AppStore|Any CPU.ActiveCfg = Release|Any CPU
		{AD2D2DB4-E781-4CF1-9B62-3AAD264F196D}.AppStore|Any CPU.Build.0 = Release|Any CPU
		{AD2D2DB4-E781-4CF1-9B62-3AAD264F196D}.AppStore|ARM.ActiveCfg = Release|Any CPU
		{AD2D2DB4-E781-4CF1-9B62-3AAD264F196D}.AppStore|ARM.Build.0 = Release|Any CPU
		{AD2D2DB4-E781-4CF1-9B62-3AAD264F196D}.AppStore|x64.ActiveCfg = Release|Any CPU
		{AD2D2DB4-E781-4CF1-9B62-3AAD264F196D}.AppStore|x64.Build.0 = Release|Any CPU
		{AD2D2DB4-E781-4CF1-9B62-3AAD264F196D}.AppStore|x86.ActiveCfg = Release|Any CPU
		{AD2D2DB4-E781-4CF1-9B62-3AAD264F196D}.AppStore|x86.Build.0 = Release|Any CPU
		{AD2D2DB4-E781-4CF1-9B62-3AAD264F196D}.Debug|Any CPU.ActiveCfg = Debug|Any CPU
		{AD2D2DB4-E781-4CF1-9B62-3AAD264F196D}.Debug|Any CPU.Build.0 = Debug|Any CPU
		{AD2D2DB4-E781-4CF1-9B62-3AAD264F196D}.Debug|ARM.ActiveCfg = Debug|Any CPU
		{AD2D2DB4-E781-4CF1-9B62-3AAD264F196D}.Debug|ARM.Build.0 = Debug|Any CPU
		{AD2D2DB4-E781-4CF1-9B62-3AAD264F196D}.Debug|x64.ActiveCfg = Debug|Any CPU
		{AD2D2DB4-E781-4CF1-9B62-3AAD264F196D}.Debug|x64.Build.0 = Debug|Any CPU
		{AD2D2DB4-E781-4CF1-9B62-3AAD264F196D}.Debug|x86.ActiveCfg = Debug|Any CPU
		{AD2D2DB4-E781-4CF1-9B62-3AAD264F196D}.Debug|x86.Build.0 = Debug|Any CPU
		{AD2D2DB4-E781-4CF1-9B62-3AAD264F196D}.Release|Any CPU.ActiveCfg = Release|Any CPU
		{AD2D2DB4-E781-4CF1-9B62-3AAD264F196D}.Release|Any CPU.Build.0 = Release|Any CPU
		{AD2D2DB4-E781-4CF1-9B62-3AAD264F196D}.Release|ARM.ActiveCfg = Release|Any CPU
		{AD2D2DB4-E781-4CF1-9B62-3AAD264F196D}.Release|ARM.Build.0 = Release|Any CPU
		{AD2D2DB4-E781-4CF1-9B62-3AAD264F196D}.Release|x64.ActiveCfg = Release|Any CPU
		{AD2D2DB4-E781-4CF1-9B62-3AAD264F196D}.Release|x64.Build.0 = Release|Any CPU
		{AD2D2DB4-E781-4CF1-9B62-3AAD264F196D}.Release|x86.ActiveCfg = Release|Any CPU
		{AD2D2DB4-E781-4CF1-9B62-3AAD264F196D}.Release|x86.Build.0 = Release|Any CPU
		{983B7EFF-7E75-4A87-890A-744A0B4C5232}.AppStore|Any CPU.ActiveCfg = Release|Any CPU
		{983B7EFF-7E75-4A87-890A-744A0B4C5232}.AppStore|Any CPU.Build.0 = Release|Any CPU
		{983B7EFF-7E75-4A87-890A-744A0B4C5232}.AppStore|ARM.ActiveCfg = Release|ARM
		{983B7EFF-7E75-4A87-890A-744A0B4C5232}.AppStore|ARM.Build.0 = Release|ARM
		{983B7EFF-7E75-4A87-890A-744A0B4C5232}.AppStore|x64.ActiveCfg = Release|Any CPU
		{983B7EFF-7E75-4A87-890A-744A0B4C5232}.AppStore|x64.Build.0 = Release|Any CPU
		{983B7EFF-7E75-4A87-890A-744A0B4C5232}.AppStore|x86.ActiveCfg = Release|x86
		{983B7EFF-7E75-4A87-890A-744A0B4C5232}.AppStore|x86.Build.0 = Release|x86
		{983B7EFF-7E75-4A87-890A-744A0B4C5232}.Debug|Any CPU.ActiveCfg = Debug|Any CPU
		{983B7EFF-7E75-4A87-890A-744A0B4C5232}.Debug|Any CPU.Build.0 = Debug|Any CPU
		{983B7EFF-7E75-4A87-890A-744A0B4C5232}.Debug|ARM.ActiveCfg = Debug|ARM
		{983B7EFF-7E75-4A87-890A-744A0B4C5232}.Debug|ARM.Build.0 = Debug|ARM
		{983B7EFF-7E75-4A87-890A-744A0B4C5232}.Debug|x64.ActiveCfg = Debug|Any CPU
		{983B7EFF-7E75-4A87-890A-744A0B4C5232}.Debug|x64.Build.0 = Debug|Any CPU
		{983B7EFF-7E75-4A87-890A-744A0B4C5232}.Debug|x86.ActiveCfg = Debug|x86
		{983B7EFF-7E75-4A87-890A-744A0B4C5232}.Debug|x86.Build.0 = Debug|x86
		{983B7EFF-7E75-4A87-890A-744A0B4C5232}.Release|Any CPU.ActiveCfg = Release|Any CPU
		{983B7EFF-7E75-4A87-890A-744A0B4C5232}.Release|Any CPU.Build.0 = Release|Any CPU
		{983B7EFF-7E75-4A87-890A-744A0B4C5232}.Release|ARM.ActiveCfg = Release|ARM
		{983B7EFF-7E75-4A87-890A-744A0B4C5232}.Release|ARM.Build.0 = Release|ARM
		{983B7EFF-7E75-4A87-890A-744A0B4C5232}.Release|x64.ActiveCfg = Release|Any CPU
		{983B7EFF-7E75-4A87-890A-744A0B4C5232}.Release|x64.Build.0 = Release|Any CPU
		{983B7EFF-7E75-4A87-890A-744A0B4C5232}.Release|x86.ActiveCfg = Release|x86
		{983B7EFF-7E75-4A87-890A-744A0B4C5232}.Release|x86.Build.0 = Release|x86
		{52B72A94-4655-4780-BD25-7F8D5268C5F5}.AppStore|Any CPU.ActiveCfg = Release|Any CPU
		{52B72A94-4655-4780-BD25-7F8D5268C5F5}.AppStore|Any CPU.Build.0 = Release|Any CPU
		{52B72A94-4655-4780-BD25-7F8D5268C5F5}.AppStore|ARM.ActiveCfg = Release|Any CPU
		{52B72A94-4655-4780-BD25-7F8D5268C5F5}.AppStore|ARM.Build.0 = Release|Any CPU
		{52B72A94-4655-4780-BD25-7F8D5268C5F5}.AppStore|x64.ActiveCfg = Release|Any CPU
		{52B72A94-4655-4780-BD25-7F8D5268C5F5}.AppStore|x64.Build.0 = Release|Any CPU
		{52B72A94-4655-4780-BD25-7F8D5268C5F5}.AppStore|x86.ActiveCfg = Release|Any CPU
		{52B72A94-4655-4780-BD25-7F8D5268C5F5}.AppStore|x86.Build.0 = Release|Any CPU
		{52B72A94-4655-4780-BD25-7F8D5268C5F5}.Debug|Any CPU.ActiveCfg = Debug|Any CPU
		{52B72A94-4655-4780-BD25-7F8D5268C5F5}.Debug|Any CPU.Build.0 = Debug|Any CPU
		{52B72A94-4655-4780-BD25-7F8D5268C5F5}.Debug|ARM.ActiveCfg = Debug|Any CPU
		{52B72A94-4655-4780-BD25-7F8D5268C5F5}.Debug|ARM.Build.0 = Debug|Any CPU
		{52B72A94-4655-4780-BD25-7F8D5268C5F5}.Debug|x64.ActiveCfg = Debug|Any CPU
		{52B72A94-4655-4780-BD25-7F8D5268C5F5}.Debug|x64.Build.0 = Debug|Any CPU
		{52B72A94-4655-4780-BD25-7F8D5268C5F5}.Debug|x86.ActiveCfg = Debug|Any CPU
		{52B72A94-4655-4780-BD25-7F8D5268C5F5}.Debug|x86.Build.0 = Debug|Any CPU
		{52B72A94-4655-4780-BD25-7F8D5268C5F5}.Release|Any CPU.ActiveCfg = Release|Any CPU
		{52B72A94-4655-4780-BD25-7F8D5268C5F5}.Release|Any CPU.Build.0 = Release|Any CPU
		{52B72A94-4655-4780-BD25-7F8D5268C5F5}.Release|ARM.ActiveCfg = Release|Any CPU
		{52B72A94-4655-4780-BD25-7F8D5268C5F5}.Release|ARM.Build.0 = Release|Any CPU
		{52B72A94-4655-4780-BD25-7F8D5268C5F5}.Release|x64.ActiveCfg = Release|Any CPU
		{52B72A94-4655-4780-BD25-7F8D5268C5F5}.Release|x64.Build.0 = Release|Any CPU
		{52B72A94-4655-4780-BD25-7F8D5268C5F5}.Release|x86.ActiveCfg = Release|Any CPU
		{52B72A94-4655-4780-BD25-7F8D5268C5F5}.Release|x86.Build.0 = Release|Any CPU
		{4F4B0982-6108-4F3C-BD69-4D26C453821C}.AppStore|Any CPU.ActiveCfg = Release|Any CPU
		{4F4B0982-6108-4F3C-BD69-4D26C453821C}.AppStore|Any CPU.Build.0 = Release|Any CPU
		{4F4B0982-6108-4F3C-BD69-4D26C453821C}.AppStore|ARM.ActiveCfg = Release|ARM
		{4F4B0982-6108-4F3C-BD69-4D26C453821C}.AppStore|ARM.Build.0 = Release|ARM
		{4F4B0982-6108-4F3C-BD69-4D26C453821C}.AppStore|x64.ActiveCfg = Release|Any CPU
		{4F4B0982-6108-4F3C-BD69-4D26C453821C}.AppStore|x64.Build.0 = Release|Any CPU
		{4F4B0982-6108-4F3C-BD69-4D26C453821C}.AppStore|x86.ActiveCfg = Release|x86
		{4F4B0982-6108-4F3C-BD69-4D26C453821C}.AppStore|x86.Build.0 = Release|x86
		{4F4B0982-6108-4F3C-BD69-4D26C453821C}.Debug|Any CPU.ActiveCfg = Debug|Any CPU
		{4F4B0982-6108-4F3C-BD69-4D26C453821C}.Debug|Any CPU.Build.0 = Debug|Any CPU
		{4F4B0982-6108-4F3C-BD69-4D26C453821C}.Debug|ARM.ActiveCfg = Debug|ARM
		{4F4B0982-6108-4F3C-BD69-4D26C453821C}.Debug|ARM.Build.0 = Debug|ARM
		{4F4B0982-6108-4F3C-BD69-4D26C453821C}.Debug|x64.ActiveCfg = Debug|Any CPU
		{4F4B0982-6108-4F3C-BD69-4D26C453821C}.Debug|x64.Build.0 = Debug|Any CPU
		{4F4B0982-6108-4F3C-BD69-4D26C453821C}.Debug|x86.ActiveCfg = Debug|x86
		{4F4B0982-6108-4F3C-BD69-4D26C453821C}.Debug|x86.Build.0 = Debug|x86
		{4F4B0982-6108-4F3C-BD69-4D26C453821C}.Release|Any CPU.ActiveCfg = Release|Any CPU
		{4F4B0982-6108-4F3C-BD69-4D26C453821C}.Release|Any CPU.Build.0 = Release|Any CPU
		{4F4B0982-6108-4F3C-BD69-4D26C453821C}.Release|ARM.ActiveCfg = Release|ARM
		{4F4B0982-6108-4F3C-BD69-4D26C453821C}.Release|ARM.Build.0 = Release|ARM
		{4F4B0982-6108-4F3C-BD69-4D26C453821C}.Release|x64.ActiveCfg = Release|Any CPU
		{4F4B0982-6108-4F3C-BD69-4D26C453821C}.Release|x64.Build.0 = Release|Any CPU
		{4F4B0982-6108-4F3C-BD69-4D26C453821C}.Release|x86.ActiveCfg = Release|x86
		{4F4B0982-6108-4F3C-BD69-4D26C453821C}.Release|x86.Build.0 = Release|x86
		{B499FE26-5E36-4737-B3C8-F6D32566F2EC}.AppStore|Any CPU.ActiveCfg = Release|Any CPU
		{B499FE26-5E36-4737-B3C8-F6D32566F2EC}.AppStore|Any CPU.Build.0 = Release|Any CPU
		{B499FE26-5E36-4737-B3C8-F6D32566F2EC}.AppStore|ARM.ActiveCfg = Release|ARM
		{B499FE26-5E36-4737-B3C8-F6D32566F2EC}.AppStore|ARM.Build.0 = Release|ARM
		{B499FE26-5E36-4737-B3C8-F6D32566F2EC}.AppStore|x64.ActiveCfg = Release|x64
		{B499FE26-5E36-4737-B3C8-F6D32566F2EC}.AppStore|x64.Build.0 = Release|x64
		{B499FE26-5E36-4737-B3C8-F6D32566F2EC}.AppStore|x86.ActiveCfg = Release|x86
		{B499FE26-5E36-4737-B3C8-F6D32566F2EC}.AppStore|x86.Build.0 = Release|x86
		{B499FE26-5E36-4737-B3C8-F6D32566F2EC}.Debug|Any CPU.ActiveCfg = Debug|Any CPU
		{B499FE26-5E36-4737-B3C8-F6D32566F2EC}.Debug|Any CPU.Build.0 = Debug|Any CPU
		{B499FE26-5E36-4737-B3C8-F6D32566F2EC}.Debug|ARM.ActiveCfg = Debug|ARM
		{B499FE26-5E36-4737-B3C8-F6D32566F2EC}.Debug|ARM.Build.0 = Debug|ARM
		{B499FE26-5E36-4737-B3C8-F6D32566F2EC}.Debug|x64.ActiveCfg = Debug|x64
		{B499FE26-5E36-4737-B3C8-F6D32566F2EC}.Debug|x64.Build.0 = Debug|x64
		{B499FE26-5E36-4737-B3C8-F6D32566F2EC}.Debug|x86.ActiveCfg = Debug|x86
		{B499FE26-5E36-4737-B3C8-F6D32566F2EC}.Debug|x86.Build.0 = Debug|x86
		{B499FE26-5E36-4737-B3C8-F6D32566F2EC}.Release|Any CPU.ActiveCfg = Release|Any CPU
		{B499FE26-5E36-4737-B3C8-F6D32566F2EC}.Release|Any CPU.Build.0 = Release|Any CPU
		{B499FE26-5E36-4737-B3C8-F6D32566F2EC}.Release|ARM.ActiveCfg = Release|ARM
		{B499FE26-5E36-4737-B3C8-F6D32566F2EC}.Release|ARM.Build.0 = Release|ARM
		{B499FE26-5E36-4737-B3C8-F6D32566F2EC}.Release|x64.ActiveCfg = Release|x64
		{B499FE26-5E36-4737-B3C8-F6D32566F2EC}.Release|x64.Build.0 = Release|x64
		{B499FE26-5E36-4737-B3C8-F6D32566F2EC}.Release|x86.ActiveCfg = Release|x86
		{B499FE26-5E36-4737-B3C8-F6D32566F2EC}.Release|x86.Build.0 = Release|x86
		{C9D3B49B-65CB-4E82-B0F0-C4948296243C}.AppStore|Any CPU.ActiveCfg = Release|Any CPU
		{C9D3B49B-65CB-4E82-B0F0-C4948296243C}.AppStore|Any CPU.Build.0 = Release|Any CPU
		{C9D3B49B-65CB-4E82-B0F0-C4948296243C}.AppStore|ARM.ActiveCfg = Release|ARM
		{C9D3B49B-65CB-4E82-B0F0-C4948296243C}.AppStore|ARM.Build.0 = Release|ARM
		{C9D3B49B-65CB-4E82-B0F0-C4948296243C}.AppStore|x64.ActiveCfg = Release|x64
		{C9D3B49B-65CB-4E82-B0F0-C4948296243C}.AppStore|x64.Build.0 = Release|x64
		{C9D3B49B-65CB-4E82-B0F0-C4948296243C}.AppStore|x86.ActiveCfg = Release|x86
		{C9D3B49B-65CB-4E82-B0F0-C4948296243C}.AppStore|x86.Build.0 = Release|x86
		{C9D3B49B-65CB-4E82-B0F0-C4948296243C}.Debug|Any CPU.ActiveCfg = Debug|Any CPU
		{C9D3B49B-65CB-4E82-B0F0-C4948296243C}.Debug|Any CPU.Build.0 = Debug|Any CPU
		{C9D3B49B-65CB-4E82-B0F0-C4948296243C}.Debug|ARM.ActiveCfg = Debug|ARM
		{C9D3B49B-65CB-4E82-B0F0-C4948296243C}.Debug|ARM.Build.0 = Debug|ARM
		{C9D3B49B-65CB-4E82-B0F0-C4948296243C}.Debug|x64.ActiveCfg = Debug|x64
		{C9D3B49B-65CB-4E82-B0F0-C4948296243C}.Debug|x64.Build.0 = Debug|x64
		{C9D3B49B-65CB-4E82-B0F0-C4948296243C}.Debug|x86.ActiveCfg = Debug|x86
		{C9D3B49B-65CB-4E82-B0F0-C4948296243C}.Debug|x86.Build.0 = Debug|x86
		{C9D3B49B-65CB-4E82-B0F0-C4948296243C}.Release|Any CPU.ActiveCfg = Release|Any CPU
		{C9D3B49B-65CB-4E82-B0F0-C4948296243C}.Release|Any CPU.Build.0 = Release|Any CPU
		{C9D3B49B-65CB-4E82-B0F0-C4948296243C}.Release|ARM.ActiveCfg = Release|ARM
		{C9D3B49B-65CB-4E82-B0F0-C4948296243C}.Release|ARM.Build.0 = Release|ARM
		{C9D3B49B-65CB-4E82-B0F0-C4948296243C}.Release|x64.ActiveCfg = Release|x64
		{C9D3B49B-65CB-4E82-B0F0-C4948296243C}.Release|x64.Build.0 = Release|x64
		{C9D3B49B-65CB-4E82-B0F0-C4948296243C}.Release|x86.ActiveCfg = Release|x86
		{C9D3B49B-65CB-4E82-B0F0-C4948296243C}.Release|x86.Build.0 = Release|x86
	EndGlobalSection
	GlobalSection(SolutionProperties) = preSolution
		HideSolutionNode = FALSE
	EndGlobalSection
	GlobalSection(NestedProjects) = preSolution
		{14C534B6-1984-41A9-A384-D3A5508588E3} = {4AA55640-0445-443E-9C88-6824FD7BBB19}
		{D525F236-6A2D-4010-B1CC-4A4B8581C90B} = {4AA55640-0445-443E-9C88-6824FD7BBB19}
		{AD2D2DB4-E781-4CF1-9B62-3AAD264F196D} = {4AA55640-0445-443E-9C88-6824FD7BBB19}
		{983B7EFF-7E75-4A87-890A-744A0B4C5232} = {4AA55640-0445-443E-9C88-6824FD7BBB19}
		{52B72A94-4655-4780-BD25-7F8D5268C5F5} = {7BA73A86-34B0-48ED-AEFA-9FC6FDDD36BB}
		{4F4B0982-6108-4F3C-BD69-4D26C453821C} = {4AA55640-0445-443E-9C88-6824FD7BBB19}
		{B499FE26-5E36-4737-B3C8-F6D32566F2EC} = {4AA55640-0445-443E-9C88-6824FD7BBB19}
		{C9D3B49B-65CB-4E82-B0F0-C4948296243C} = {4AA55640-0445-443E-9C88-6824FD7BBB19}
	EndGlobalSection
EndGlobal
